
Microsoft Visual Studio Solution File, Format Version 12.00
# Visual Studio 15
VisualStudioVersion = 15.0.35213.121
MinimumVisualStudioVersion = 10.0.40219.1
Project("{FAE04EC0-301F-11D3-BF4B-00C04F79EFBC}") = "İkiliArama", "İkiliArama\İkiliArama.csproj", "{970D8161-5D1D-4C9E-B0F8-8BC88F63F67C}"
EndProject
Global
	GlobalSection(SolutionConfigurationPlatforms) = preSolution
		Debug|Any CPU = Debug|Any CPU
		Release|Any CPU = Release|Any CPU
	EndGlobalSection
	GlobalSection(ProjectConfigurationPlatforms) = postSolution
		{970D8161-5D1D-4C9E-B0F8-8BC88F63F67C}.Debug|Any CPU.ActiveCfg = Debug|Any CPU
		{970D8161-5D1D-4C9E-B0F8-8BC88F63F67C}.Debug|Any CPU.Build.0 = Debug|Any CPU
		{970D8161-5D1D-4C9E-B0F8-8BC88F63F67C}.Release|Any CPU.ActiveCfg = Release|Any CPU
		{970D8161-5D1D-4C9E-B0F8-8BC88F63F67C}.Release|Any CPU.Build.0 = Release|Any CPU
	EndGlobalSection
	GlobalSection(SolutionProperties) = preSolution
		HideSolutionNode = FALSE
	EndGlobalSection
	GlobalSection(ExtensibilityGlobals) = postSolution
		SolutionGuid = {68E7F40D-A5ED-4B88-817B-E08F0B1B99B9}
	EndGlobalSection
EndGlobal
