
Microsoft Visual Studio Solution File, Format Version 12.00
# Visual Studio 15
VisualStudioVersion = 15.0.35213.121
MinimumVisualStudioVersion = 10.0.40219.1
Project("{FAE04EC0-301F-11D3-BF4B-00C04F79EFBC}") = "OrtMedyan", "OrtMedyan\OrtMedyan.csproj", "{7E39480C-ECA8-4B66-A8AD-A3E93B2AEC39}"
EndProject
Global
	GlobalSection(SolutionConfigurationPlatforms) = preSolution
		Debug|Any CPU = Debug|Any CPU
		Release|Any CPU = Release|Any CPU
	EndGlobalSection
	GlobalSection(ProjectConfigurationPlatforms) = postSolution
		{7E39480C-ECA8-4B66-A8AD-A3E93B2AEC39}.Debug|Any CPU.ActiveCfg = Debug|Any CPU
		{7E39480C-ECA8-4B66-A8AD-A3E93B2AEC39}.Debug|Any CPU.Build.0 = Debug|Any CPU
		{7E39480C-ECA8-4B66-A8AD-A3E93B2AEC39}.Release|Any CPU.ActiveCfg = Release|Any CPU
		{7E39480C-ECA8-4B66-A8AD-A3E93B2AEC39}.Release|Any CPU.Build.0 = Release|Any CPU
	EndGlobalSection
	GlobalSection(SolutionProperties) = preSolution
		HideSolutionNode = FALSE
	EndGlobalSection
	GlobalSection(ExtensibilityGlobals) = postSolution
		SolutionGuid = {27C84EF5-88FB-4F40-B041-9A2E16AE229B}
	EndGlobalSection
EndGlobal
