
Microsoft Visual Studio Solution File, Format Version 12.00
# Visual Studio 15
VisualStudioVersion = 15.0.35213.121
MinimumVisualStudioVersion = 10.0.40219.1
Project("{FAE04EC0-301F-11D3-BF4B-00C04F79EFBC}") = "Maden", "Maden\Maden.csproj", "{A1E22060-9BB5-4C7F-B53C-02DCB69DA43F}"
EndProject
Global
	GlobalSection(SolutionConfigurationPlatforms) = preSolution
		Debug|Any CPU = Debug|Any CPU
		Release|Any CPU = Release|Any CPU
	EndGlobalSection
	GlobalSection(ProjectConfigurationPlatforms) = postSolution
		{A1E22060-9BB5-4C7F-B53C-02DCB69DA43F}.Debug|Any CPU.ActiveCfg = Debug|Any CPU
		{A1E22060-9BB5-4C7F-B53C-02DCB69DA43F}.Debug|Any CPU.Build.0 = Debug|Any CPU
		{A1E22060-9BB5-4C7F-B53C-02DCB69DA43F}.Release|Any CPU.ActiveCfg = Release|Any CPU
		{A1E22060-9BB5-4C7F-B53C-02DCB69DA43F}.Release|Any CPU.Build.0 = Release|Any CPU
	EndGlobalSection
	GlobalSection(SolutionProperties) = preSolution
		HideSolutionNode = FALSE
	EndGlobalSection
	GlobalSection(ExtensibilityGlobals) = postSolution
		SolutionGuid = {A615A881-7C90-4DBB-ABA1-029B0CD3A7AD}
	EndGlobalSection
EndGlobal
