
Microsoft Visual Studio Solution File, Format Version 12.00
# Visual Studio 15
VisualStudioVersion = 15.0.35213.121
MinimumVisualStudioVersion = 10.0.40219.1
Project("{FAE04EC0-301F-11D3-BF4B-00C04F79EFBC}") = "IslemOnceligi", "IslemOnceligi\IslemOnceligi.csproj", "{C9E4630B-DFE0-465C-97C8-9130BED97D55}"
EndProject
Global
	GlobalSection(SolutionConfigurationPlatforms) = preSolution
		Debug|Any CPU = Debug|Any CPU
		Release|Any CPU = Release|Any CPU
	EndGlobalSection
	GlobalSection(ProjectConfigurationPlatforms) = postSolution
		{C9E4630B-DFE0-465C-97C8-9130BED97D55}.Debug|Any CPU.ActiveCfg = Debug|Any CPU
		{C9E4630B-DFE0-465C-97C8-9130BED97D55}.Debug|Any CPU.Build.0 = Debug|Any CPU
		{C9E4630B-DFE0-465C-97C8-9130BED97D55}.Release|Any CPU.ActiveCfg = Release|Any CPU
		{C9E4630B-DFE0-465C-97C8-9130BED97D55}.Release|Any CPU.Build.0 = Release|Any CPU
	EndGlobalSection
	GlobalSection(SolutionProperties) = preSolution
		HideSolutionNode = FALSE
	EndGlobalSection
	GlobalSection(ExtensibilityGlobals) = postSolution
		SolutionGuid = {5ACDF898-7C57-40C8-85B5-D999C54245F7}
	EndGlobalSection
EndGlobal
